
Microsoft Visual Studio Solution File, Format Version 11.00
# Visual Studio 2010
Project("{FAE04EC0-301F-11D3-BF4B-00C04F79EFBC}") = "Balder", "..\Balder\Balder\Balder.csproj", "{D2B4E7C7-0524-4DE5-9D62-2DE05682A74D}"
EndProject
Project("{2150E333-8FDC-42A3-9474-1A3956D46DE8}") = "Dependencies", "Dependencies", "{7F8E1DA7-9805-4A9A-945E-481AC847CE0D}"
EndProject
Project("{FAE04EC0-301F-11D3-BF4B-00C04F79EFBC}") = "PropertyGraphs", "..\Blueprints.NET\PropertyGraphs\PropertyGraphs.csproj", "{562AC94F-60EA-4911-8C62-684F02867783}"
EndProject
Project("{2150E333-8FDC-42A3-9474-1A3956D46DE8}") = "UnitTests", "UnitTests", "{3E52B600-E38C-4417-A6D2-4F4AE12A8F8A}"
EndProject
Project("{FAE04EC0-301F-11D3-BF4B-00C04F79EFBC}") = "Aegir", "..\Aegir\Aegir\Aegir.csproj", "{4D8FFCCD-738D-41AA-A527-8CFDFE0A681D}"
EndProject
Project("{FAE04EC0-301F-11D3-BF4B-00C04F79EFBC}") = "BalderTests", "..\Balder\BalderTests\BalderTests.csproj", "{4BF95036-986A-47EE-B48E-CF8C2B0E7841}"
EndProject
Project("{FAE04EC0-301F-11D3-BF4B-00C04F79EFBC}") = "BlueprintsTests", "..\Blueprints.NET\BlueprintsTests\BlueprintsTests.csproj", "{7F4CE297-4A42-47A8-9A0A-74BA46B09891}"
EndProject
Project("{2150E333-8FDC-42A3-9474-1A3956D46DE8}") = "Networking", "Networking", "{01CB58B9-D60D-4C31-BE8C-649F6B308BAB}"
EndProject
Project("{2150E333-8FDC-42A3-9474-1A3956D46DE8}") = "Graphs", "Graphs", "{A1442471-5363-481E-A094-C5DF03AA5327}"
EndProject
Project("{FAE04EC0-301F-11D3-BF4B-00C04F79EFBC}") = "Eunomia", "..\Eunomia\Eunomia\Eunomia.csproj", "{1DF1A588-33B1-4168-9487-604FE5680681}"
EndProject
Project("{FAE04EC0-301F-11D3-BF4B-00C04F79EFBC}") = "Glyphe", "..\Glyphe\Glyphe\Glyphe.csproj", "{945E9F3E-946F-4669-9FD8-48A7FFFE176D}"
EndProject
Project("{FAE04EC0-301F-11D3-BF4B-00C04F79EFBC}") = "GlypheTests", "..\Glyphe\GlypheTests\GlypheTests.csproj", "{C71DF608-DDC8-4E48-AE4D-927DCB0B15BD}"
EndProject
Project("{FAE04EC0-301F-11D3-BF4B-00C04F79EFBC}") = "Hermod", "..\Hermod\Hermod\Hermod.csproj", "{477EFD16-3627-4473-957D-44CA9A9DFB79}"
EndProject
Project("{FAE04EC0-301F-11D3-BF4B-00C04F79EFBC}") = "HermodUnitTests", "..\Hermod\HermodUnitTests\HermodUnitTests.csproj", "{A39FCA19-7716-4A16-8449-D14B7251128A}"
EndProject
Project("{FAE04EC0-301F-11D3-BF4B-00C04F79EFBC}") = "Commons", "..\Illias\Commons\Commons.csproj", "{16C85DF8-5DE6-4A9F-9FC7-7CA5B0440DF3}"
EndProject
Project("{FAE04EC0-301F-11D3-BF4B-00C04F79EFBC}") = "CommonsTests", "..\Illias\CommonsTests\CommonsTests.csproj", "{02A5F706-A9AC-46BE-A428-EA6F990D8E21}"
EndProject
Project("{FAE04EC0-301F-11D3-BF4B-00C04F79EFBC}") = "LokiHTML5", "..\Loki\LokiHTML5\LokiHTML5.csproj", "{1555E073-7EE7-4A62-852C-8D498184D43D}"
EndProject
Project("{FAE04EC0-301F-11D3-BF4B-00C04F79EFBC}") = "Styx", "..\Styx\Styx\Styx.csproj", "{3949790D-8591-4101-9E4D-CE7A758E7409}"
EndProject
Project("{FAE04EC0-301F-11D3-BF4B-00C04F79EFBC}") = "StyxTests", "..\Styx\StyxTests\StyxTests.csproj", "{6F2452F5-BF16-4577-9C5A-85C8D7B5289D}"
EndProject
Project("{2150E333-8FDC-42A3-9474-1A3956D46DE8}") = "Graphs", "Graphs", "{F1A1E644-682B-4CEA-A43F-130A856E864C}"
EndProject
Project("{2150E333-8FDC-42A3-9474-1A3956D46DE8}") = "Networking", "Networking", "{C8C13AE1-0960-4DD7-977F-BDF9B798E230}"
EndProject
Project("{FAE04EC0-301F-11D3-BF4B-00C04F79EFBC}") = "Vanir", "..\Vanir\Vanir\Vanir.csproj", "{562CE512-EA4B-489C-ACFD-D75202DA72A0}"
EndProject
Project("{FAE04EC0-301F-11D3-BF4B-00C04F79EFBC}") = "VanirTests", "..\Vanir\VanirTests\VanirTests.csproj", "{849A8B42-F5EC-43D1-A890-12E32180EB8E}"
EndProject
Project("{FAE04EC0-301F-11D3-BF4B-00C04F79EFBC}") = "Bragi", "Bragi\Bragi.csproj", "{5517F404-8C9F-488D-8E9D-2CBB2062ADFB}"
EndProject
Project("{FAE04EC0-301F-11D3-BF4B-00C04F79EFBC}") = "QuadStore", "..\Illias\QuadStore\QuadStore.csproj", "{5E78CBC4-181A-4479-A30C-DD4C1CEBE238}"
EndProject
Project("{FAE04EC0-301F-11D3-BF4B-00C04F79EFBC}") = "QuadStoreTests", "..\Illias\QuadStoreTests\QuadStoreTests.csproj", "{7CFA036C-A7D2-4CDD-827B-8C3DC4BD7077}"
EndProject
Project("{FAE04EC0-301F-11D3-BF4B-00C04F79EFBC}") = "QuadStoreInterfaces", "..\Illias\QuadStoreInterfaces\QuadStoreInterfaces.csproj", "{CFAB9833-4C11-40B9-B12F-0CBC511F90E9}"
EndProject
Project("{FAE04EC0-301F-11D3-BF4B-00C04F79EFBC}") = "Geometry", "..\Illias\Geometry\Geometry.csproj", "{9F38DCC9-CD80-4B71-8A9C-B3F37E471CAB}"
EndProject
Project("{FAE04EC0-301F-11D3-BF4B-00C04F79EFBC}") = "GeometryTests", "..\Illias\GeometryTests\GeometryTests.csproj", "{C461823B-E5CA-4AB1-91A6-8DE8A4AEB157}"
EndProject
Project("{FAE04EC0-301F-11D3-BF4B-00C04F79EFBC}") = "Blueprints", "..\Blueprints.NET\Blueprints\Blueprints.csproj", "{47FA1E7C-8C47-493D-A371-91A15D53BC95}"
EndProject
Project("{FAE04EC0-301F-11D3-BF4B-00C04F79EFBC}") = "AegirTests", "..\Aegir\AegirTests\AegirTests.csproj", "{D60D7F9E-4C63-42AE-8BE6-0685A53138CA}"
EndProject
Project("{FAE04EC0-301F-11D3-BF4B-00C04F79EFBC}") = "AegirTiles", "..\Aegir\AegirTiles\AegirTiles.csproj", "{0F37A34C-E6B7-4047-A5CC-6FD9A128208A}"
EndProject
Project("{2150E333-8FDC-42A3-9474-1A3956D46DE8}") = "Maps", "Maps", "{28E8A618-597E-400A-B2DE-59A53386BB4E}"
EndProject
Project("{2150E333-8FDC-42A3-9474-1A3956D46DE8}") = "Maps", "Maps", "{A50D0EFE-4EA7-42C9-9260-B7A54B7D9AA2}"
EndProject
Project("{FAE04EC0-301F-11D3-BF4B-00C04F79EFBC}") = "AegirTilesTests", "..\Aegir\AegirTilesTests\AegirTilesTests.csproj", "{634759F0-41E5-418C-A51B-EDA342190CAD}"
EndProject
Project("{2150E333-8FDC-42A3-9474-1A3956D46DE8}") = "Applications", "Applications", "{E26C2C0B-962A-405E-8E50-49727F4813D5}"
EndProject
Project("{2150E333-8FDC-42A3-9474-1A3956D46DE8}") = "Visualization", "Visualization", "{EB539663-4D06-49C6-9DFF-88D98989B846}"
EndProject
Project("{2150E333-8FDC-42A3-9474-1A3956D46DE8}") = "Applications", "Applications", "{268452F6-3F80-4E84-B0F6-56887E84F260}"
EndProject
Project("{2150E333-8FDC-42A3-9474-1A3956D46DE8}") = "Visualization", "Visualization", "{F71D5912-5610-4999-AEE0-A36D2F7E49FC}"
EndProject
Project("{FAE04EC0-301F-11D3-BF4B-00C04F79EFBC}") = "Jurassic", "..\srclibs\Jurassic\Jurassic\Jurassic.csproj", "{9B109B9C-4B72-4BDB-B531-627D7E93011E}"
EndProject
Project("{FAE04EC0-301F-11D3-BF4B-00C04F79EFBC}") = "BlueprintsClient", "..\Blueprints.NET\BlueprintsClient\BlueprintsClient.csproj", "{EB31E37B-FA75-44FD-9528-171C9E7C3C37}"
EndProject
Project("{FAE04EC0-301F-11D3-BF4B-00C04F79EFBC}") = "BlueprintsServer", "..\Blueprints.NET\BlueprintsServer\BlueprintsServer.csproj", "{DC46B5EF-ECC5-465E-B1C4-85596343A03F}"
EndProject
Project("{2150E333-8FDC-42A3-9474-1A3956D46DE8}") = "External", "External", "{44E70614-A8EA-4FC9-9AD4-D58F17E9756B}"
EndProject
Project("{2150E333-8FDC-42A3-9474-1A3956D46DE8}") = "Mono", "Mono", "{195AC877-790A-4179-9218-F1B43B67F8FB}"
EndProject
Project("{FAE04EC0-301F-11D3-BF4B-00C04F79EFBC}") = "MonoCompilerAsAService", "..\srclibs\MonoCompilerAsAService\MonoCompilerAsAService\MonoCompilerAsAService.csproj", "{A2ABC2B4-28D1-47B1-8EF9-6E8C60215515}"
EndProject
Project("{FAE04EC0-301F-11D3-BF4B-00C04F79EFBC}") = "MonoCSharp", "..\srclibs\MonoCompilerAsAService\MonoCSharp\MonoCSharp.csproj", "{322FD822-7722-4176-A7D7-CD8D36488DB9}"
EndProject
Project("{FAE04EC0-301F-11D3-BF4B-00C04F79EFBC}") = "Walkyr", "..\Walkyr\Walkyr\Walkyr.csproj", "{A3507C2E-1A82-4342-BD42-F544275D6959}"
EndProject
Project("{FAE04EC0-301F-11D3-BF4B-00C04F79EFBC}") = "BlueprintsNetworkingTests", "..\Blueprints.NET\BlueprintsNetworkingTests\BlueprintsNetworkingTests.csproj", "{DFB85528-1B0F-4E1F-B814-EB49BCDAB147}"
EndProject
Project("{FAE04EC0-301F-11D3-BF4B-00C04F79EFBC}") = "WalkyrTests", "..\Walkyr\WalkyrTests\WalkyrTests.csproj", "{C79B7F98-D2F7-4BFD-B4E0-CDC2012CCDD1}"
EndProject
Project("{2150E333-8FDC-42A3-9474-1A3956D46DE8}") = "SilverlightDemos", "SilverlightDemos", "{3D515027-1F80-4994-AB5E-511418600528}"
EndProject
Project("{FAE04EC0-301F-11D3-BF4B-00C04F79EFBC}") = "AegirTilesClient", "..\Aegir\AegirTilesClient\AegirTilesClient.csproj", "{D6A73280-9D66-4509-9131-3F379E8A3F5A}"
EndProject
Project("{FAE04EC0-301F-11D3-BF4B-00C04F79EFBC}") = "GEXFSharp", "..\Walkyr\GEXFSharp\GEXFSharp.csproj", "{2EA36174-FB21-474F-A8EB-33C7039B65DA}"
EndProject
Project("{2150E333-8FDC-42A3-9474-1A3956D46DE8}") = "GraphIO", "GraphIO", "{5F974683-4EAD-4F3E-84E9-49BA33693729}"
EndProject
Project("{FAE04EC0-301F-11D3-BF4B-00C04F79EFBC}") = "MonoCompilerAsAService", "..\srclibs\MonoCompilerAsAService\MonoCompilerAsAService\MonoCompilerAsAService.csproj", "{903006A4-20EA-4825-BA0D-C28201B76D71}"
EndProject
Project("{FAE04EC0-301F-11D3-BF4B-00C04F79EFBC}") = "MonoCSharp", "..\srclibs\MonoCompilerAsAService\MonoCSharp\MonoCSharp.csproj", "{5D0636A5-5DD0-4942-B3A5-0B83E5E6FEE7}"
EndProject
Global
	GlobalSection(SolutionConfigurationPlatforms) = preSolution
		Debug|Any CPU = Debug|Any CPU
		Debug|Mixed Platforms = Debug|Mixed Platforms
		Debug|x86 = Debug|x86
		Release|Any CPU = Release|Any CPU
		Release|Mixed Platforms = Release|Mixed Platforms
		Release|x86 = Release|x86
	EndGlobalSection
	GlobalSection(ProjectConfigurationPlatforms) = postSolution
		{D2B4E7C7-0524-4DE5-9D62-2DE05682A74D}.Debug|Any CPU.ActiveCfg = Debug|Any CPU
		{D2B4E7C7-0524-4DE5-9D62-2DE05682A74D}.Debug|Any CPU.Build.0 = Debug|Any CPU
		{D2B4E7C7-0524-4DE5-9D62-2DE05682A74D}.Debug|Mixed Platforms.ActiveCfg = Debug|Any CPU
		{D2B4E7C7-0524-4DE5-9D62-2DE05682A74D}.Debug|Mixed Platforms.Build.0 = Debug|Any CPU
		{D2B4E7C7-0524-4DE5-9D62-2DE05682A74D}.Debug|x86.ActiveCfg = Debug|Any CPU
		{D2B4E7C7-0524-4DE5-9D62-2DE05682A74D}.Release|Any CPU.ActiveCfg = Release|Any CPU
		{D2B4E7C7-0524-4DE5-9D62-2DE05682A74D}.Release|Any CPU.Build.0 = Release|Any CPU
		{D2B4E7C7-0524-4DE5-9D62-2DE05682A74D}.Release|Mixed Platforms.ActiveCfg = Release|Any CPU
		{D2B4E7C7-0524-4DE5-9D62-2DE05682A74D}.Release|Mixed Platforms.Build.0 = Release|Any CPU
		{D2B4E7C7-0524-4DE5-9D62-2DE05682A74D}.Release|x86.ActiveCfg = Release|Any CPU
		{562AC94F-60EA-4911-8C62-684F02867783}.Debug|Any CPU.ActiveCfg = Debug|Any CPU
		{562AC94F-60EA-4911-8C62-684F02867783}.Debug|Any CPU.Build.0 = Debug|Any CPU
		{562AC94F-60EA-4911-8C62-684F02867783}.Debug|Mixed Platforms.ActiveCfg = Debug|Any CPU
		{562AC94F-60EA-4911-8C62-684F02867783}.Debug|Mixed Platforms.Build.0 = Debug|Any CPU
		{562AC94F-60EA-4911-8C62-684F02867783}.Debug|x86.ActiveCfg = Debug|Any CPU
		{562AC94F-60EA-4911-8C62-684F02867783}.Release|Any CPU.ActiveCfg = Release|Any CPU
		{562AC94F-60EA-4911-8C62-684F02867783}.Release|Any CPU.Build.0 = Release|Any CPU
		{562AC94F-60EA-4911-8C62-684F02867783}.Release|Mixed Platforms.ActiveCfg = Release|Any CPU
		{562AC94F-60EA-4911-8C62-684F02867783}.Release|Mixed Platforms.Build.0 = Release|Any CPU
		{562AC94F-60EA-4911-8C62-684F02867783}.Release|x86.ActiveCfg = Release|Any CPU
		{4D8FFCCD-738D-41AA-A527-8CFDFE0A681D}.Debug|Any CPU.ActiveCfg = Debug|Any CPU
		{4D8FFCCD-738D-41AA-A527-8CFDFE0A681D}.Debug|Any CPU.Build.0 = Debug|Any CPU
		{4D8FFCCD-738D-41AA-A527-8CFDFE0A681D}.Debug|Mixed Platforms.ActiveCfg = Debug|Any CPU
		{4D8FFCCD-738D-41AA-A527-8CFDFE0A681D}.Debug|Mixed Platforms.Build.0 = Debug|Any CPU
		{4D8FFCCD-738D-41AA-A527-8CFDFE0A681D}.Debug|x86.ActiveCfg = Debug|Any CPU
		{4D8FFCCD-738D-41AA-A527-8CFDFE0A681D}.Release|Any CPU.ActiveCfg = Release|Any CPU
		{4D8FFCCD-738D-41AA-A527-8CFDFE0A681D}.Release|Any CPU.Build.0 = Release|Any CPU
		{4D8FFCCD-738D-41AA-A527-8CFDFE0A681D}.Release|Mixed Platforms.ActiveCfg = Release|Any CPU
		{4D8FFCCD-738D-41AA-A527-8CFDFE0A681D}.Release|Mixed Platforms.Build.0 = Release|Any CPU
		{4D8FFCCD-738D-41AA-A527-8CFDFE0A681D}.Release|x86.ActiveCfg = Release|Any CPU
		{4BF95036-986A-47EE-B48E-CF8C2B0E7841}.Debug|Any CPU.ActiveCfg = Debug|Any CPU
		{4BF95036-986A-47EE-B48E-CF8C2B0E7841}.Debug|Any CPU.Build.0 = Debug|Any CPU
		{4BF95036-986A-47EE-B48E-CF8C2B0E7841}.Debug|Mixed Platforms.ActiveCfg = Debug|Any CPU
		{4BF95036-986A-47EE-B48E-CF8C2B0E7841}.Debug|Mixed Platforms.Build.0 = Debug|Any CPU
		{4BF95036-986A-47EE-B48E-CF8C2B0E7841}.Debug|x86.ActiveCfg = Debug|Any CPU
		{4BF95036-986A-47EE-B48E-CF8C2B0E7841}.Release|Any CPU.ActiveCfg = Release|Any CPU
		{4BF95036-986A-47EE-B48E-CF8C2B0E7841}.Release|Any CPU.Build.0 = Release|Any CPU
		{4BF95036-986A-47EE-B48E-CF8C2B0E7841}.Release|Mixed Platforms.ActiveCfg = Release|Any CPU
		{4BF95036-986A-47EE-B48E-CF8C2B0E7841}.Release|Mixed Platforms.Build.0 = Release|Any CPU
		{4BF95036-986A-47EE-B48E-CF8C2B0E7841}.Release|x86.ActiveCfg = Release|Any CPU
		{7F4CE297-4A42-47A8-9A0A-74BA46B09891}.Debug|Any CPU.ActiveCfg = Debug|Any CPU
		{7F4CE297-4A42-47A8-9A0A-74BA46B09891}.Debug|Any CPU.Build.0 = Debug|Any CPU
		{7F4CE297-4A42-47A8-9A0A-74BA46B09891}.Debug|Mixed Platforms.ActiveCfg = Debug|Any CPU
		{7F4CE297-4A42-47A8-9A0A-74BA46B09891}.Debug|Mixed Platforms.Build.0 = Debug|Any CPU
		{7F4CE297-4A42-47A8-9A0A-74BA46B09891}.Debug|x86.ActiveCfg = Debug|Any CPU
		{7F4CE297-4A42-47A8-9A0A-74BA46B09891}.Release|Any CPU.ActiveCfg = Release|Any CPU
		{7F4CE297-4A42-47A8-9A0A-74BA46B09891}.Release|Any CPU.Build.0 = Release|Any CPU
		{7F4CE297-4A42-47A8-9A0A-74BA46B09891}.Release|Mixed Platforms.ActiveCfg = Release|Any CPU
		{7F4CE297-4A42-47A8-9A0A-74BA46B09891}.Release|Mixed Platforms.Build.0 = Release|Any CPU
		{7F4CE297-4A42-47A8-9A0A-74BA46B09891}.Release|x86.ActiveCfg = Release|Any CPU
		{1DF1A588-33B1-4168-9487-604FE5680681}.Debug|Any CPU.ActiveCfg = Debug|Any CPU
		{1DF1A588-33B1-4168-9487-604FE5680681}.Debug|Any CPU.Build.0 = Debug|Any CPU
		{1DF1A588-33B1-4168-9487-604FE5680681}.Debug|Mixed Platforms.ActiveCfg = Debug|Any CPU
		{1DF1A588-33B1-4168-9487-604FE5680681}.Debug|Mixed Platforms.Build.0 = Debug|Any CPU
		{1DF1A588-33B1-4168-9487-604FE5680681}.Debug|x86.ActiveCfg = Debug|Any CPU
		{1DF1A588-33B1-4168-9487-604FE5680681}.Release|Any CPU.ActiveCfg = Release|Any CPU
		{1DF1A588-33B1-4168-9487-604FE5680681}.Release|Any CPU.Build.0 = Release|Any CPU
		{1DF1A588-33B1-4168-9487-604FE5680681}.Release|Mixed Platforms.ActiveCfg = Release|Any CPU
		{1DF1A588-33B1-4168-9487-604FE5680681}.Release|Mixed Platforms.Build.0 = Release|Any CPU
		{1DF1A588-33B1-4168-9487-604FE5680681}.Release|x86.ActiveCfg = Release|Any CPU
		{945E9F3E-946F-4669-9FD8-48A7FFFE176D}.Debug|Any CPU.ActiveCfg = Debug|Any CPU
		{945E9F3E-946F-4669-9FD8-48A7FFFE176D}.Debug|Any CPU.Build.0 = Debug|Any CPU
		{945E9F3E-946F-4669-9FD8-48A7FFFE176D}.Debug|Mixed Platforms.ActiveCfg = Debug|Any CPU
		{945E9F3E-946F-4669-9FD8-48A7FFFE176D}.Debug|Mixed Platforms.Build.0 = Debug|Any CPU
		{945E9F3E-946F-4669-9FD8-48A7FFFE176D}.Debug|x86.ActiveCfg = Debug|Any CPU
		{945E9F3E-946F-4669-9FD8-48A7FFFE176D}.Release|Any CPU.ActiveCfg = Release|Any CPU
		{945E9F3E-946F-4669-9FD8-48A7FFFE176D}.Release|Any CPU.Build.0 = Release|Any CPU
		{945E9F3E-946F-4669-9FD8-48A7FFFE176D}.Release|Mixed Platforms.ActiveCfg = Release|Any CPU
		{945E9F3E-946F-4669-9FD8-48A7FFFE176D}.Release|Mixed Platforms.Build.0 = Release|Any CPU
		{945E9F3E-946F-4669-9FD8-48A7FFFE176D}.Release|x86.ActiveCfg = Release|Any CPU
		{C71DF608-DDC8-4E48-AE4D-927DCB0B15BD}.Debug|Any CPU.ActiveCfg = Debug|Any CPU
		{C71DF608-DDC8-4E48-AE4D-927DCB0B15BD}.Debug|Any CPU.Build.0 = Debug|Any CPU
		{C71DF608-DDC8-4E48-AE4D-927DCB0B15BD}.Debug|Mixed Platforms.ActiveCfg = Debug|Any CPU
		{C71DF608-DDC8-4E48-AE4D-927DCB0B15BD}.Debug|Mixed Platforms.Build.0 = Debug|Any CPU
		{C71DF608-DDC8-4E48-AE4D-927DCB0B15BD}.Debug|x86.ActiveCfg = Debug|Any CPU
		{C71DF608-DDC8-4E48-AE4D-927DCB0B15BD}.Release|Any CPU.ActiveCfg = Release|Any CPU
		{C71DF608-DDC8-4E48-AE4D-927DCB0B15BD}.Release|Any CPU.Build.0 = Release|Any CPU
		{C71DF608-DDC8-4E48-AE4D-927DCB0B15BD}.Release|Mixed Platforms.ActiveCfg = Release|Any CPU
		{C71DF608-DDC8-4E48-AE4D-927DCB0B15BD}.Release|Mixed Platforms.Build.0 = Release|Any CPU
		{C71DF608-DDC8-4E48-AE4D-927DCB0B15BD}.Release|x86.ActiveCfg = Release|Any CPU
		{477EFD16-3627-4473-957D-44CA9A9DFB79}.Debug|Any CPU.ActiveCfg = Debug|Any CPU
		{477EFD16-3627-4473-957D-44CA9A9DFB79}.Debug|Any CPU.Build.0 = Debug|Any CPU
		{477EFD16-3627-4473-957D-44CA9A9DFB79}.Debug|Mixed Platforms.ActiveCfg = Debug|Any CPU
		{477EFD16-3627-4473-957D-44CA9A9DFB79}.Debug|Mixed Platforms.Build.0 = Debug|Any CPU
		{477EFD16-3627-4473-957D-44CA9A9DFB79}.Debug|x86.ActiveCfg = Debug|Any CPU
		{477EFD16-3627-4473-957D-44CA9A9DFB79}.Release|Any CPU.ActiveCfg = Release|Any CPU
		{477EFD16-3627-4473-957D-44CA9A9DFB79}.Release|Any CPU.Build.0 = Release|Any CPU
		{477EFD16-3627-4473-957D-44CA9A9DFB79}.Release|Mixed Platforms.ActiveCfg = Release|Any CPU
		{477EFD16-3627-4473-957D-44CA9A9DFB79}.Release|Mixed Platforms.Build.0 = Release|Any CPU
		{477EFD16-3627-4473-957D-44CA9A9DFB79}.Release|x86.ActiveCfg = Release|Any CPU
		{A39FCA19-7716-4A16-8449-D14B7251128A}.Debug|Any CPU.ActiveCfg = Debug|Any CPU
		{A39FCA19-7716-4A16-8449-D14B7251128A}.Debug|Any CPU.Build.0 = Debug|Any CPU
		{A39FCA19-7716-4A16-8449-D14B7251128A}.Debug|Mixed Platforms.ActiveCfg = Debug|Any CPU
		{A39FCA19-7716-4A16-8449-D14B7251128A}.Debug|Mixed Platforms.Build.0 = Debug|Any CPU
		{A39FCA19-7716-4A16-8449-D14B7251128A}.Debug|x86.ActiveCfg = Debug|Any CPU
		{A39FCA19-7716-4A16-8449-D14B7251128A}.Release|Any CPU.ActiveCfg = Release|Any CPU
		{A39FCA19-7716-4A16-8449-D14B7251128A}.Release|Any CPU.Build.0 = Release|Any CPU
		{A39FCA19-7716-4A16-8449-D14B7251128A}.Release|Mixed Platforms.ActiveCfg = Release|Any CPU
		{A39FCA19-7716-4A16-8449-D14B7251128A}.Release|Mixed Platforms.Build.0 = Release|Any CPU
		{A39FCA19-7716-4A16-8449-D14B7251128A}.Release|x86.ActiveCfg = Release|Any CPU
		{16C85DF8-5DE6-4A9F-9FC7-7CA5B0440DF3}.Debug|Any CPU.ActiveCfg = Debug|Any CPU
		{16C85DF8-5DE6-4A9F-9FC7-7CA5B0440DF3}.Debug|Any CPU.Build.0 = Debug|Any CPU
		{16C85DF8-5DE6-4A9F-9FC7-7CA5B0440DF3}.Debug|Mixed Platforms.ActiveCfg = Debug|Any CPU
		{16C85DF8-5DE6-4A9F-9FC7-7CA5B0440DF3}.Debug|Mixed Platforms.Build.0 = Debug|Any CPU
		{16C85DF8-5DE6-4A9F-9FC7-7CA5B0440DF3}.Debug|x86.ActiveCfg = Debug|Any CPU
		{16C85DF8-5DE6-4A9F-9FC7-7CA5B0440DF3}.Release|Any CPU.ActiveCfg = Release|Any CPU
		{16C85DF8-5DE6-4A9F-9FC7-7CA5B0440DF3}.Release|Any CPU.Build.0 = Release|Any CPU
		{16C85DF8-5DE6-4A9F-9FC7-7CA5B0440DF3}.Release|Mixed Platforms.ActiveCfg = Release|Any CPU
		{16C85DF8-5DE6-4A9F-9FC7-7CA5B0440DF3}.Release|Mixed Platforms.Build.0 = Release|Any CPU
		{16C85DF8-5DE6-4A9F-9FC7-7CA5B0440DF3}.Release|x86.ActiveCfg = Release|Any CPU
		{02A5F706-A9AC-46BE-A428-EA6F990D8E21}.Debug|Any CPU.ActiveCfg = Debug|Any CPU
		{02A5F706-A9AC-46BE-A428-EA6F990D8E21}.Debug|Any CPU.Build.0 = Debug|Any CPU
		{02A5F706-A9AC-46BE-A428-EA6F990D8E21}.Debug|Mixed Platforms.ActiveCfg = Debug|Any CPU
		{02A5F706-A9AC-46BE-A428-EA6F990D8E21}.Debug|Mixed Platforms.Build.0 = Debug|Any CPU
		{02A5F706-A9AC-46BE-A428-EA6F990D8E21}.Debug|x86.ActiveCfg = Debug|Any CPU
		{02A5F706-A9AC-46BE-A428-EA6F990D8E21}.Release|Any CPU.ActiveCfg = Release|Any CPU
		{02A5F706-A9AC-46BE-A428-EA6F990D8E21}.Release|Any CPU.Build.0 = Release|Any CPU
		{02A5F706-A9AC-46BE-A428-EA6F990D8E21}.Release|Mixed Platforms.ActiveCfg = Release|Any CPU
		{02A5F706-A9AC-46BE-A428-EA6F990D8E21}.Release|Mixed Platforms.Build.0 = Release|Any CPU
		{02A5F706-A9AC-46BE-A428-EA6F990D8E21}.Release|x86.ActiveCfg = Release|Any CPU
		{1555E073-7EE7-4A62-852C-8D498184D43D}.Debug|Any CPU.ActiveCfg = Debug|Any CPU
		{1555E073-7EE7-4A62-852C-8D498184D43D}.Debug|Any CPU.Build.0 = Debug|Any CPU
		{1555E073-7EE7-4A62-852C-8D498184D43D}.Debug|Mixed Platforms.ActiveCfg = Debug|Any CPU
		{1555E073-7EE7-4A62-852C-8D498184D43D}.Debug|Mixed Platforms.Build.0 = Debug|Any CPU
		{1555E073-7EE7-4A62-852C-8D498184D43D}.Debug|x86.ActiveCfg = Debug|Any CPU
		{1555E073-7EE7-4A62-852C-8D498184D43D}.Release|Any CPU.ActiveCfg = Release|Any CPU
		{1555E073-7EE7-4A62-852C-8D498184D43D}.Release|Any CPU.Build.0 = Release|Any CPU
		{1555E073-7EE7-4A62-852C-8D498184D43D}.Release|Mixed Platforms.ActiveCfg = Release|Any CPU
		{1555E073-7EE7-4A62-852C-8D498184D43D}.Release|Mixed Platforms.Build.0 = Release|Any CPU
		{1555E073-7EE7-4A62-852C-8D498184D43D}.Release|x86.ActiveCfg = Release|Any CPU
		{3949790D-8591-4101-9E4D-CE7A758E7409}.Debug|Any CPU.ActiveCfg = Debug|Any CPU
		{3949790D-8591-4101-9E4D-CE7A758E7409}.Debug|Any CPU.Build.0 = Debug|Any CPU
		{3949790D-8591-4101-9E4D-CE7A758E7409}.Debug|Mixed Platforms.ActiveCfg = Debug|Any CPU
		{3949790D-8591-4101-9E4D-CE7A758E7409}.Debug|Mixed Platforms.Build.0 = Debug|Any CPU
		{3949790D-8591-4101-9E4D-CE7A758E7409}.Debug|x86.ActiveCfg = Debug|Any CPU
		{3949790D-8591-4101-9E4D-CE7A758E7409}.Release|Any CPU.ActiveCfg = Release|Any CPU
		{3949790D-8591-4101-9E4D-CE7A758E7409}.Release|Any CPU.Build.0 = Release|Any CPU
		{3949790D-8591-4101-9E4D-CE7A758E7409}.Release|Mixed Platforms.ActiveCfg = Release|Any CPU
		{3949790D-8591-4101-9E4D-CE7A758E7409}.Release|Mixed Platforms.Build.0 = Release|Any CPU
		{3949790D-8591-4101-9E4D-CE7A758E7409}.Release|x86.ActiveCfg = Release|Any CPU
		{6F2452F5-BF16-4577-9C5A-85C8D7B5289D}.Debug|Any CPU.ActiveCfg = Debug|Any CPU
		{6F2452F5-BF16-4577-9C5A-85C8D7B5289D}.Debug|Any CPU.Build.0 = Debug|Any CPU
		{6F2452F5-BF16-4577-9C5A-85C8D7B5289D}.Debug|Mixed Platforms.ActiveCfg = Debug|Any CPU
		{6F2452F5-BF16-4577-9C5A-85C8D7B5289D}.Debug|Mixed Platforms.Build.0 = Debug|Any CPU
		{6F2452F5-BF16-4577-9C5A-85C8D7B5289D}.Debug|x86.ActiveCfg = Debug|Any CPU
		{6F2452F5-BF16-4577-9C5A-85C8D7B5289D}.Release|Any CPU.ActiveCfg = Release|Any CPU
		{6F2452F5-BF16-4577-9C5A-85C8D7B5289D}.Release|Any CPU.Build.0 = Release|Any CPU
		{6F2452F5-BF16-4577-9C5A-85C8D7B5289D}.Release|Mixed Platforms.ActiveCfg = Release|Any CPU
		{6F2452F5-BF16-4577-9C5A-85C8D7B5289D}.Release|Mixed Platforms.Build.0 = Release|Any CPU
		{6F2452F5-BF16-4577-9C5A-85C8D7B5289D}.Release|x86.ActiveCfg = Release|Any CPU
		{562CE512-EA4B-489C-ACFD-D75202DA72A0}.Debug|Any CPU.ActiveCfg = Debug|Any CPU
		{562CE512-EA4B-489C-ACFD-D75202DA72A0}.Debug|Any CPU.Build.0 = Debug|Any CPU
		{562CE512-EA4B-489C-ACFD-D75202DA72A0}.Debug|Mixed Platforms.ActiveCfg = Debug|Any CPU
		{562CE512-EA4B-489C-ACFD-D75202DA72A0}.Debug|Mixed Platforms.Build.0 = Debug|Any CPU
		{562CE512-EA4B-489C-ACFD-D75202DA72A0}.Debug|x86.ActiveCfg = Debug|Any CPU
		{562CE512-EA4B-489C-ACFD-D75202DA72A0}.Release|Any CPU.ActiveCfg = Release|Any CPU
		{562CE512-EA4B-489C-ACFD-D75202DA72A0}.Release|Any CPU.Build.0 = Release|Any CPU
		{562CE512-EA4B-489C-ACFD-D75202DA72A0}.Release|Mixed Platforms.ActiveCfg = Release|Any CPU
		{562CE512-EA4B-489C-ACFD-D75202DA72A0}.Release|Mixed Platforms.Build.0 = Release|Any CPU
		{562CE512-EA4B-489C-ACFD-D75202DA72A0}.Release|x86.ActiveCfg = Release|Any CPU
		{849A8B42-F5EC-43D1-A890-12E32180EB8E}.Debug|Any CPU.ActiveCfg = Debug|Any CPU
		{849A8B42-F5EC-43D1-A890-12E32180EB8E}.Debug|Any CPU.Build.0 = Debug|Any CPU
		{849A8B42-F5EC-43D1-A890-12E32180EB8E}.Debug|Mixed Platforms.ActiveCfg = Debug|Any CPU
		{849A8B42-F5EC-43D1-A890-12E32180EB8E}.Debug|Mixed Platforms.Build.0 = Debug|Any CPU
		{849A8B42-F5EC-43D1-A890-12E32180EB8E}.Debug|x86.ActiveCfg = Debug|Any CPU
		{849A8B42-F5EC-43D1-A890-12E32180EB8E}.Release|Any CPU.ActiveCfg = Release|Any CPU
		{849A8B42-F5EC-43D1-A890-12E32180EB8E}.Release|Any CPU.Build.0 = Release|Any CPU
		{849A8B42-F5EC-43D1-A890-12E32180EB8E}.Release|Mixed Platforms.ActiveCfg = Release|Any CPU
		{849A8B42-F5EC-43D1-A890-12E32180EB8E}.Release|Mixed Platforms.Build.0 = Release|Any CPU
		{849A8B42-F5EC-43D1-A890-12E32180EB8E}.Release|x86.ActiveCfg = Release|Any CPU
		{5517F404-8C9F-488D-8E9D-2CBB2062ADFB}.Debug|Any CPU.ActiveCfg = Debug|Any CPU
		{5517F404-8C9F-488D-8E9D-2CBB2062ADFB}.Debug|Any CPU.Build.0 = Debug|Any CPU
		{5517F404-8C9F-488D-8E9D-2CBB2062ADFB}.Debug|Mixed Platforms.ActiveCfg = Debug|Any CPU
		{5517F404-8C9F-488D-8E9D-2CBB2062ADFB}.Debug|Mixed Platforms.Build.0 = Debug|Any CPU
		{5517F404-8C9F-488D-8E9D-2CBB2062ADFB}.Debug|x86.ActiveCfg = Debug|x86
		{5517F404-8C9F-488D-8E9D-2CBB2062ADFB}.Debug|x86.Build.0 = Debug|x86
		{5517F404-8C9F-488D-8E9D-2CBB2062ADFB}.Release|Any CPU.ActiveCfg = Release|x86
		{5517F404-8C9F-488D-8E9D-2CBB2062ADFB}.Release|Mixed Platforms.ActiveCfg = Release|x86
		{5517F404-8C9F-488D-8E9D-2CBB2062ADFB}.Release|Mixed Platforms.Build.0 = Release|x86
		{5517F404-8C9F-488D-8E9D-2CBB2062ADFB}.Release|x86.ActiveCfg = Release|x86
		{5517F404-8C9F-488D-8E9D-2CBB2062ADFB}.Release|x86.Build.0 = Release|x86
		{5E78CBC4-181A-4479-A30C-DD4C1CEBE238}.Debug|Any CPU.ActiveCfg = Debug|Any CPU
		{5E78CBC4-181A-4479-A30C-DD4C1CEBE238}.Debug|Any CPU.Build.0 = Debug|Any CPU
		{5E78CBC4-181A-4479-A30C-DD4C1CEBE238}.Debug|Mixed Platforms.ActiveCfg = Debug|Any CPU
		{5E78CBC4-181A-4479-A30C-DD4C1CEBE238}.Debug|Mixed Platforms.Build.0 = Debug|Any CPU
		{5E78CBC4-181A-4479-A30C-DD4C1CEBE238}.Debug|x86.ActiveCfg = Debug|Any CPU
		{5E78CBC4-181A-4479-A30C-DD4C1CEBE238}.Release|Any CPU.ActiveCfg = Release|Any CPU
		{5E78CBC4-181A-4479-A30C-DD4C1CEBE238}.Release|Any CPU.Build.0 = Release|Any CPU
		{5E78CBC4-181A-4479-A30C-DD4C1CEBE238}.Release|Mixed Platforms.ActiveCfg = Release|Any CPU
		{5E78CBC4-181A-4479-A30C-DD4C1CEBE238}.Release|Mixed Platforms.Build.0 = Release|Any CPU
		{5E78CBC4-181A-4479-A30C-DD4C1CEBE238}.Release|x86.ActiveCfg = Release|Any CPU
		{7CFA036C-A7D2-4CDD-827B-8C3DC4BD7077}.Debug|Any CPU.ActiveCfg = Debug|Any CPU
		{7CFA036C-A7D2-4CDD-827B-8C3DC4BD7077}.Debug|Any CPU.Build.0 = Debug|Any CPU
		{7CFA036C-A7D2-4CDD-827B-8C3DC4BD7077}.Debug|Mixed Platforms.ActiveCfg = Debug|Any CPU
		{7CFA036C-A7D2-4CDD-827B-8C3DC4BD7077}.Debug|Mixed Platforms.Build.0 = Debug|Any CPU
		{7CFA036C-A7D2-4CDD-827B-8C3DC4BD7077}.Debug|x86.ActiveCfg = Debug|Any CPU
		{7CFA036C-A7D2-4CDD-827B-8C3DC4BD7077}.Release|Any CPU.ActiveCfg = Release|Any CPU
		{7CFA036C-A7D2-4CDD-827B-8C3DC4BD7077}.Release|Any CPU.Build.0 = Release|Any CPU
		{7CFA036C-A7D2-4CDD-827B-8C3DC4BD7077}.Release|Mixed Platforms.ActiveCfg = Release|Any CPU
		{7CFA036C-A7D2-4CDD-827B-8C3DC4BD7077}.Release|Mixed Platforms.Build.0 = Release|Any CPU
		{7CFA036C-A7D2-4CDD-827B-8C3DC4BD7077}.Release|x86.ActiveCfg = Release|Any CPU
		{CFAB9833-4C11-40B9-B12F-0CBC511F90E9}.Debug|Any CPU.ActiveCfg = Debug|Any CPU
		{CFAB9833-4C11-40B9-B12F-0CBC511F90E9}.Debug|Any CPU.Build.0 = Debug|Any CPU
		{CFAB9833-4C11-40B9-B12F-0CBC511F90E9}.Debug|Mixed Platforms.ActiveCfg = Debug|Any CPU
		{CFAB9833-4C11-40B9-B12F-0CBC511F90E9}.Debug|Mixed Platforms.Build.0 = Debug|Any CPU
		{CFAB9833-4C11-40B9-B12F-0CBC511F90E9}.Debug|x86.ActiveCfg = Debug|Any CPU
		{CFAB9833-4C11-40B9-B12F-0CBC511F90E9}.Release|Any CPU.ActiveCfg = Release|Any CPU
		{CFAB9833-4C11-40B9-B12F-0CBC511F90E9}.Release|Any CPU.Build.0 = Release|Any CPU
		{CFAB9833-4C11-40B9-B12F-0CBC511F90E9}.Release|Mixed Platforms.ActiveCfg = Release|Any CPU
		{CFAB9833-4C11-40B9-B12F-0CBC511F90E9}.Release|Mixed Platforms.Build.0 = Release|Any CPU
		{CFAB9833-4C11-40B9-B12F-0CBC511F90E9}.Release|x86.ActiveCfg = Release|Any CPU
		{9F38DCC9-CD80-4B71-8A9C-B3F37E471CAB}.Debug|Any CPU.ActiveCfg = Debug|Any CPU
		{9F38DCC9-CD80-4B71-8A9C-B3F37E471CAB}.Debug|Any CPU.Build.0 = Debug|Any CPU
		{9F38DCC9-CD80-4B71-8A9C-B3F37E471CAB}.Debug|Mixed Platforms.ActiveCfg = Debug|Any CPU
		{9F38DCC9-CD80-4B71-8A9C-B3F37E471CAB}.Debug|Mixed Platforms.Build.0 = Debug|Any CPU
		{9F38DCC9-CD80-4B71-8A9C-B3F37E471CAB}.Debug|x86.ActiveCfg = Debug|Any CPU
		{9F38DCC9-CD80-4B71-8A9C-B3F37E471CAB}.Release|Any CPU.ActiveCfg = Release|Any CPU
		{9F38DCC9-CD80-4B71-8A9C-B3F37E471CAB}.Release|Any CPU.Build.0 = Release|Any CPU
		{9F38DCC9-CD80-4B71-8A9C-B3F37E471CAB}.Release|Mixed Platforms.ActiveCfg = Release|Any CPU
		{9F38DCC9-CD80-4B71-8A9C-B3F37E471CAB}.Release|Mixed Platforms.Build.0 = Release|Any CPU
		{9F38DCC9-CD80-4B71-8A9C-B3F37E471CAB}.Release|x86.ActiveCfg = Release|Any CPU
		{C461823B-E5CA-4AB1-91A6-8DE8A4AEB157}.Debug|Any CPU.ActiveCfg = Debug|Any CPU
		{C461823B-E5CA-4AB1-91A6-8DE8A4AEB157}.Debug|Any CPU.Build.0 = Debug|Any CPU
		{C461823B-E5CA-4AB1-91A6-8DE8A4AEB157}.Debug|Mixed Platforms.ActiveCfg = Debug|Any CPU
		{C461823B-E5CA-4AB1-91A6-8DE8A4AEB157}.Debug|Mixed Platforms.Build.0 = Debug|Any CPU
		{C461823B-E5CA-4AB1-91A6-8DE8A4AEB157}.Debug|x86.ActiveCfg = Debug|Any CPU
		{C461823B-E5CA-4AB1-91A6-8DE8A4AEB157}.Release|Any CPU.ActiveCfg = Release|Any CPU
		{C461823B-E5CA-4AB1-91A6-8DE8A4AEB157}.Release|Any CPU.Build.0 = Release|Any CPU
		{C461823B-E5CA-4AB1-91A6-8DE8A4AEB157}.Release|Mixed Platforms.ActiveCfg = Release|Any CPU
		{C461823B-E5CA-4AB1-91A6-8DE8A4AEB157}.Release|Mixed Platforms.Build.0 = Release|Any CPU
		{C461823B-E5CA-4AB1-91A6-8DE8A4AEB157}.Release|x86.ActiveCfg = Release|Any CPU
		{47FA1E7C-8C47-493D-A371-91A15D53BC95}.Debug|Any CPU.ActiveCfg = Debug|Any CPU
		{47FA1E7C-8C47-493D-A371-91A15D53BC95}.Debug|Any CPU.Build.0 = Debug|Any CPU
		{47FA1E7C-8C47-493D-A371-91A15D53BC95}.Debug|Mixed Platforms.ActiveCfg = Debug|Any CPU
		{47FA1E7C-8C47-493D-A371-91A15D53BC95}.Debug|Mixed Platforms.Build.0 = Debug|Any CPU
		{47FA1E7C-8C47-493D-A371-91A15D53BC95}.Debug|x86.ActiveCfg = Debug|Any CPU
		{47FA1E7C-8C47-493D-A371-91A15D53BC95}.Release|Any CPU.ActiveCfg = Release|Any CPU
		{47FA1E7C-8C47-493D-A371-91A15D53BC95}.Release|Any CPU.Build.0 = Release|Any CPU
		{47FA1E7C-8C47-493D-A371-91A15D53BC95}.Release|Mixed Platforms.ActiveCfg = Release|Any CPU
		{47FA1E7C-8C47-493D-A371-91A15D53BC95}.Release|Mixed Platforms.Build.0 = Release|Any CPU
		{47FA1E7C-8C47-493D-A371-91A15D53BC95}.Release|x86.ActiveCfg = Release|Any CPU
		{D60D7F9E-4C63-42AE-8BE6-0685A53138CA}.Debug|Any CPU.ActiveCfg = Debug|Any CPU
		{D60D7F9E-4C63-42AE-8BE6-0685A53138CA}.Debug|Any CPU.Build.0 = Debug|Any CPU
		{D60D7F9E-4C63-42AE-8BE6-0685A53138CA}.Debug|Mixed Platforms.ActiveCfg = Debug|Any CPU
		{D60D7F9E-4C63-42AE-8BE6-0685A53138CA}.Debug|Mixed Platforms.Build.0 = Debug|Any CPU
		{D60D7F9E-4C63-42AE-8BE6-0685A53138CA}.Debug|x86.ActiveCfg = Debug|Any CPU
		{D60D7F9E-4C63-42AE-8BE6-0685A53138CA}.Release|Any CPU.ActiveCfg = Release|Any CPU
		{D60D7F9E-4C63-42AE-8BE6-0685A53138CA}.Release|Any CPU.Build.0 = Release|Any CPU
		{D60D7F9E-4C63-42AE-8BE6-0685A53138CA}.Release|Mixed Platforms.ActiveCfg = Release|Any CPU
		{D60D7F9E-4C63-42AE-8BE6-0685A53138CA}.Release|Mixed Platforms.Build.0 = Release|Any CPU
		{D60D7F9E-4C63-42AE-8BE6-0685A53138CA}.Release|x86.ActiveCfg = Release|Any CPU
		{0F37A34C-E6B7-4047-A5CC-6FD9A128208A}.Debug|Any CPU.ActiveCfg = Debug|Any CPU
		{0F37A34C-E6B7-4047-A5CC-6FD9A128208A}.Debug|Any CPU.Build.0 = Debug|Any CPU
		{0F37A34C-E6B7-4047-A5CC-6FD9A128208A}.Debug|Mixed Platforms.ActiveCfg = Debug|Any CPU
		{0F37A34C-E6B7-4047-A5CC-6FD9A128208A}.Debug|Mixed Platforms.Build.0 = Debug|Any CPU
		{0F37A34C-E6B7-4047-A5CC-6FD9A128208A}.Debug|x86.ActiveCfg = Debug|Any CPU
		{0F37A34C-E6B7-4047-A5CC-6FD9A128208A}.Release|Any CPU.ActiveCfg = Release|Any CPU
		{0F37A34C-E6B7-4047-A5CC-6FD9A128208A}.Release|Any CPU.Build.0 = Release|Any CPU
		{0F37A34C-E6B7-4047-A5CC-6FD9A128208A}.Release|Mixed Platforms.ActiveCfg = Release|Any CPU
		{0F37A34C-E6B7-4047-A5CC-6FD9A128208A}.Release|Mixed Platforms.Build.0 = Release|Any CPU
		{0F37A34C-E6B7-4047-A5CC-6FD9A128208A}.Release|x86.ActiveCfg = Release|Any CPU
		{634759F0-41E5-418C-A51B-EDA342190CAD}.Debug|Any CPU.ActiveCfg = Debug|Any CPU
		{634759F0-41E5-418C-A51B-EDA342190CAD}.Debug|Any CPU.Build.0 = Debug|Any CPU
		{634759F0-41E5-418C-A51B-EDA342190CAD}.Debug|Mixed Platforms.ActiveCfg = Debug|Any CPU
		{634759F0-41E5-418C-A51B-EDA342190CAD}.Debug|Mixed Platforms.Build.0 = Debug|Any CPU
		{634759F0-41E5-418C-A51B-EDA342190CAD}.Debug|x86.ActiveCfg = Debug|Any CPU
		{634759F0-41E5-418C-A51B-EDA342190CAD}.Release|Any CPU.ActiveCfg = Release|Any CPU
		{634759F0-41E5-418C-A51B-EDA342190CAD}.Release|Any CPU.Build.0 = Release|Any CPU
		{634759F0-41E5-418C-A51B-EDA342190CAD}.Release|Mixed Platforms.ActiveCfg = Release|Any CPU
		{634759F0-41E5-418C-A51B-EDA342190CAD}.Release|Mixed Platforms.Build.0 = Release|Any CPU
		{634759F0-41E5-418C-A51B-EDA342190CAD}.Release|x86.ActiveCfg = Release|Any CPU
		{9B109B9C-4B72-4BDB-B531-627D7E93011E}.Debug|Any CPU.ActiveCfg = Debug|Any CPU
		{9B109B9C-4B72-4BDB-B531-627D7E93011E}.Debug|Any CPU.Build.0 = Debug|Any CPU
		{9B109B9C-4B72-4BDB-B531-627D7E93011E}.Debug|Mixed Platforms.ActiveCfg = Debug|Any CPU
		{9B109B9C-4B72-4BDB-B531-627D7E93011E}.Debug|Mixed Platforms.Build.0 = Debug|Any CPU
		{9B109B9C-4B72-4BDB-B531-627D7E93011E}.Debug|x86.ActiveCfg = Debug|Any CPU
		{9B109B9C-4B72-4BDB-B531-627D7E93011E}.Release|Any CPU.ActiveCfg = Release|Any CPU
		{9B109B9C-4B72-4BDB-B531-627D7E93011E}.Release|Any CPU.Build.0 = Release|Any CPU
		{9B109B9C-4B72-4BDB-B531-627D7E93011E}.Release|Mixed Platforms.ActiveCfg = Release|Any CPU
		{9B109B9C-4B72-4BDB-B531-627D7E93011E}.Release|Mixed Platforms.Build.0 = Release|Any CPU
		{9B109B9C-4B72-4BDB-B531-627D7E93011E}.Release|x86.ActiveCfg = Release|Any CPU
		{EB31E37B-FA75-44FD-9528-171C9E7C3C37}.Debug|Any CPU.ActiveCfg = Debug|Any CPU
		{EB31E37B-FA75-44FD-9528-171C9E7C3C37}.Debug|Any CPU.Build.0 = Debug|Any CPU
		{EB31E37B-FA75-44FD-9528-171C9E7C3C37}.Debug|Mixed Platforms.ActiveCfg = Debug|Any CPU
		{EB31E37B-FA75-44FD-9528-171C9E7C3C37}.Debug|Mixed Platforms.Build.0 = Debug|Any CPU
		{EB31E37B-FA75-44FD-9528-171C9E7C3C37}.Debug|x86.ActiveCfg = Debug|Any CPU
		{EB31E37B-FA75-44FD-9528-171C9E7C3C37}.Release|Any CPU.ActiveCfg = Release|Any CPU
		{EB31E37B-FA75-44FD-9528-171C9E7C3C37}.Release|Any CPU.Build.0 = Release|Any CPU
		{EB31E37B-FA75-44FD-9528-171C9E7C3C37}.Release|Mixed Platforms.ActiveCfg = Release|Any CPU
		{EB31E37B-FA75-44FD-9528-171C9E7C3C37}.Release|Mixed Platforms.Build.0 = Release|Any CPU
		{EB31E37B-FA75-44FD-9528-171C9E7C3C37}.Release|x86.ActiveCfg = Release|Any CPU
		{DC46B5EF-ECC5-465E-B1C4-85596343A03F}.Debug|Any CPU.ActiveCfg = Debug|Any CPU
		{DC46B5EF-ECC5-465E-B1C4-85596343A03F}.Debug|Any CPU.Build.0 = Debug|Any CPU
		{DC46B5EF-ECC5-465E-B1C4-85596343A03F}.Debug|Mixed Platforms.ActiveCfg = Debug|Any CPU
		{DC46B5EF-ECC5-465E-B1C4-85596343A03F}.Debug|Mixed Platforms.Build.0 = Debug|Any CPU
		{DC46B5EF-ECC5-465E-B1C4-85596343A03F}.Debug|x86.ActiveCfg = Debug|Any CPU
		{DC46B5EF-ECC5-465E-B1C4-85596343A03F}.Release|Any CPU.ActiveCfg = Release|Any CPU
		{DC46B5EF-ECC5-465E-B1C4-85596343A03F}.Release|Any CPU.Build.0 = Release|Any CPU
		{DC46B5EF-ECC5-465E-B1C4-85596343A03F}.Release|Mixed Platforms.ActiveCfg = Release|Any CPU
		{DC46B5EF-ECC5-465E-B1C4-85596343A03F}.Release|Mixed Platforms.Build.0 = Release|Any CPU
		{DC46B5EF-ECC5-465E-B1C4-85596343A03F}.Release|x86.ActiveCfg = Release|Any CPU
		{A2ABC2B4-28D1-47B1-8EF9-6E8C60215515}.Debug|Any CPU.ActiveCfg = Debug|Any CPU
		{A2ABC2B4-28D1-47B1-8EF9-6E8C60215515}.Debug|Any CPU.Build.0 = Debug|Any CPU
		{A2ABC2B4-28D1-47B1-8EF9-6E8C60215515}.Debug|Mixed Platforms.ActiveCfg = Debug|Any CPU
		{A2ABC2B4-28D1-47B1-8EF9-6E8C60215515}.Debug|Mixed Platforms.Build.0 = Debug|Any CPU
		{A2ABC2B4-28D1-47B1-8EF9-6E8C60215515}.Debug|x86.ActiveCfg = Debug|Any CPU
		{A2ABC2B4-28D1-47B1-8EF9-6E8C60215515}.Release|Any CPU.ActiveCfg = Release|Any CPU
		{A2ABC2B4-28D1-47B1-8EF9-6E8C60215515}.Release|Any CPU.Build.0 = Release|Any CPU
		{A2ABC2B4-28D1-47B1-8EF9-6E8C60215515}.Release|Mixed Platforms.ActiveCfg = Release|Any CPU
		{A2ABC2B4-28D1-47B1-8EF9-6E8C60215515}.Release|Mixed Platforms.Build.0 = Release|Any CPU
		{A2ABC2B4-28D1-47B1-8EF9-6E8C60215515}.Release|x86.ActiveCfg = Release|Any CPU
		{322FD822-7722-4176-A7D7-CD8D36488DB9}.Debug|Any CPU.ActiveCfg = Debug|Any CPU
		{322FD822-7722-4176-A7D7-CD8D36488DB9}.Debug|Any CPU.Build.0 = Debug|Any CPU
		{322FD822-7722-4176-A7D7-CD8D36488DB9}.Debug|Mixed Platforms.ActiveCfg = Debug|Any CPU
		{322FD822-7722-4176-A7D7-CD8D36488DB9}.Debug|Mixed Platforms.Build.0 = Debug|Any CPU
		{322FD822-7722-4176-A7D7-CD8D36488DB9}.Debug|x86.ActiveCfg = Debug|Any CPU
		{322FD822-7722-4176-A7D7-CD8D36488DB9}.Release|Any CPU.ActiveCfg = Release|Any CPU
		{322FD822-7722-4176-A7D7-CD8D36488DB9}.Release|Any CPU.Build.0 = Release|Any CPU
		{322FD822-7722-4176-A7D7-CD8D36488DB9}.Release|Mixed Platforms.ActiveCfg = Release|Any CPU
		{322FD822-7722-4176-A7D7-CD8D36488DB9}.Release|Mixed Platforms.Build.0 = Release|Any CPU
		{322FD822-7722-4176-A7D7-CD8D36488DB9}.Release|x86.ActiveCfg = Release|Any CPU
		{A3507C2E-1A82-4342-BD42-F544275D6959}.Debug|Any CPU.ActiveCfg = Debug|Any CPU
		{A3507C2E-1A82-4342-BD42-F544275D6959}.Debug|Any CPU.Build.0 = Debug|Any CPU
		{A3507C2E-1A82-4342-BD42-F544275D6959}.Debug|Mixed Platforms.ActiveCfg = Debug|Any CPU
		{A3507C2E-1A82-4342-BD42-F544275D6959}.Debug|Mixed Platforms.Build.0 = Debug|Any CPU
		{A3507C2E-1A82-4342-BD42-F544275D6959}.Debug|x86.ActiveCfg = Debug|Any CPU
		{A3507C2E-1A82-4342-BD42-F544275D6959}.Release|Any CPU.ActiveCfg = Release|Any CPU
		{A3507C2E-1A82-4342-BD42-F544275D6959}.Release|Any CPU.Build.0 = Release|Any CPU
		{A3507C2E-1A82-4342-BD42-F544275D6959}.Release|Mixed Platforms.ActiveCfg = Release|Any CPU
		{A3507C2E-1A82-4342-BD42-F544275D6959}.Release|Mixed Platforms.Build.0 = Release|Any CPU
		{A3507C2E-1A82-4342-BD42-F544275D6959}.Release|x86.ActiveCfg = Release|Any CPU
		{DFB85528-1B0F-4E1F-B814-EB49BCDAB147}.Debug|Any CPU.ActiveCfg = Debug|Any CPU
		{DFB85528-1B0F-4E1F-B814-EB49BCDAB147}.Debug|Any CPU.Build.0 = Debug|Any CPU
		{DFB85528-1B0F-4E1F-B814-EB49BCDAB147}.Debug|Mixed Platforms.ActiveCfg = Debug|Any CPU
		{DFB85528-1B0F-4E1F-B814-EB49BCDAB147}.Debug|Mixed Platforms.Build.0 = Debug|Any CPU
		{DFB85528-1B0F-4E1F-B814-EB49BCDAB147}.Debug|x86.ActiveCfg = Debug|Any CPU
		{DFB85528-1B0F-4E1F-B814-EB49BCDAB147}.Release|Any CPU.ActiveCfg = Release|Any CPU
		{DFB85528-1B0F-4E1F-B814-EB49BCDAB147}.Release|Any CPU.Build.0 = Release|Any CPU
		{DFB85528-1B0F-4E1F-B814-EB49BCDAB147}.Release|Mixed Platforms.ActiveCfg = Release|Any CPU
		{DFB85528-1B0F-4E1F-B814-EB49BCDAB147}.Release|Mixed Platforms.Build.0 = Release|Any CPU
		{DFB85528-1B0F-4E1F-B814-EB49BCDAB147}.Release|x86.ActiveCfg = Release|Any CPU
		{C79B7F98-D2F7-4BFD-B4E0-CDC2012CCDD1}.Debug|Any CPU.ActiveCfg = Debug|Any CPU
		{C79B7F98-D2F7-4BFD-B4E0-CDC2012CCDD1}.Debug|Any CPU.Build.0 = Debug|Any CPU
		{C79B7F98-D2F7-4BFD-B4E0-CDC2012CCDD1}.Debug|Mixed Platforms.ActiveCfg = Debug|Any CPU
		{C79B7F98-D2F7-4BFD-B4E0-CDC2012CCDD1}.Debug|Mixed Platforms.Build.0 = Debug|Any CPU
		{C79B7F98-D2F7-4BFD-B4E0-CDC2012CCDD1}.Debug|x86.ActiveCfg = Debug|Any CPU
		{C79B7F98-D2F7-4BFD-B4E0-CDC2012CCDD1}.Release|Any CPU.ActiveCfg = Release|Any CPU
		{C79B7F98-D2F7-4BFD-B4E0-CDC2012CCDD1}.Release|Any CPU.Build.0 = Release|Any CPU
		{C79B7F98-D2F7-4BFD-B4E0-CDC2012CCDD1}.Release|Mixed Platforms.ActiveCfg = Release|Any CPU
		{C79B7F98-D2F7-4BFD-B4E0-CDC2012CCDD1}.Release|Mixed Platforms.Build.0 = Release|Any CPU
		{C79B7F98-D2F7-4BFD-B4E0-CDC2012CCDD1}.Release|x86.ActiveCfg = Release|Any CPU
		{D6A73280-9D66-4509-9131-3F379E8A3F5A}.Debug|Any CPU.ActiveCfg = Debug|Any CPU
		{D6A73280-9D66-4509-9131-3F379E8A3F5A}.Debug|Any CPU.Build.0 = Debug|Any CPU
		{D6A73280-9D66-4509-9131-3F379E8A3F5A}.Debug|Mixed Platforms.ActiveCfg = Debug|Any CPU
		{D6A73280-9D66-4509-9131-3F379E8A3F5A}.Debug|Mixed Platforms.Build.0 = Debug|Any CPU
		{D6A73280-9D66-4509-9131-3F379E8A3F5A}.Debug|x86.ActiveCfg = Debug|Any CPU
		{D6A73280-9D66-4509-9131-3F379E8A3F5A}.Release|Any CPU.ActiveCfg = Release|Any CPU
		{D6A73280-9D66-4509-9131-3F379E8A3F5A}.Release|Any CPU.Build.0 = Release|Any CPU
		{D6A73280-9D66-4509-9131-3F379E8A3F5A}.Release|Mixed Platforms.ActiveCfg = Release|Any CPU
		{D6A73280-9D66-4509-9131-3F379E8A3F5A}.Release|Mixed Platforms.Build.0 = Release|Any CPU
		{D6A73280-9D66-4509-9131-3F379E8A3F5A}.Release|x86.ActiveCfg = Release|Any CPU
		{2EA36174-FB21-474F-A8EB-33C7039B65DA}.Debug|Any CPU.ActiveCfg = Debug|Any CPU
		{2EA36174-FB21-474F-A8EB-33C7039B65DA}.Debug|Any CPU.Build.0 = Debug|Any CPU
		{2EA36174-FB21-474F-A8EB-33C7039B65DA}.Debug|Mixed Platforms.ActiveCfg = Debug|Any CPU
		{2EA36174-FB21-474F-A8EB-33C7039B65DA}.Debug|Mixed Platforms.Build.0 = Debug|Any CPU
		{2EA36174-FB21-474F-A8EB-33C7039B65DA}.Debug|x86.ActiveCfg = Debug|Any CPU
		{2EA36174-FB21-474F-A8EB-33C7039B65DA}.Release|Any CPU.ActiveCfg = Release|Any CPU
		{2EA36174-FB21-474F-A8EB-33C7039B65DA}.Release|Any CPU.Build.0 = Release|Any CPU
		{2EA36174-FB21-474F-A8EB-33C7039B65DA}.Release|Mixed Platforms.ActiveCfg = Release|Any CPU
		{2EA36174-FB21-474F-A8EB-33C7039B65DA}.Release|Mixed Platforms.Build.0 = Release|Any CPU
		{2EA36174-FB21-474F-A8EB-33C7039B65DA}.Release|x86.ActiveCfg = Release|Any CPU
		{903006A4-20EA-4825-BA0D-C28201B76D71}.Debug|Any CPU.ActiveCfg = Debug|Any CPU
		{903006A4-20EA-4825-BA0D-C28201B76D71}.Debug|Any CPU.Build.0 = Debug|Any CPU
		{903006A4-20EA-4825-BA0D-C28201B76D71}.Debug|Mixed Platforms.ActiveCfg = Debug|Any CPU
		{903006A4-20EA-4825-BA0D-C28201B76D71}.Debug|Mixed Platforms.Build.0 = Debug|Any CPU
		{903006A4-20EA-4825-BA0D-C28201B76D71}.Debug|x86.ActiveCfg = Debug|Any CPU
		{903006A4-20EA-4825-BA0D-C28201B76D71}.Release|Any CPU.ActiveCfg = Release|Any CPU
		{903006A4-20EA-4825-BA0D-C28201B76D71}.Release|Any CPU.Build.0 = Release|Any CPU
		{903006A4-20EA-4825-BA0D-C28201B76D71}.Release|Mixed Platforms.ActiveCfg = Release|Any CPU
		{903006A4-20EA-4825-BA0D-C28201B76D71}.Release|Mixed Platforms.Build.0 = Release|Any CPU
		{903006A4-20EA-4825-BA0D-C28201B76D71}.Release|x86.ActiveCfg = Release|Any CPU
		{5D0636A5-5DD0-4942-B3A5-0B83E5E6FEE7}.Debug|Any CPU.ActiveCfg = Debug|Any CPU
		{5D0636A5-5DD0-4942-B3A5-0B83E5E6FEE7}.Debug|Any CPU.Build.0 = Debug|Any CPU
		{5D0636A5-5DD0-4942-B3A5-0B83E5E6FEE7}.Debug|Mixed Platforms.ActiveCfg = Debug|Any CPU
		{5D0636A5-5DD0-4942-B3A5-0B83E5E6FEE7}.Debug|Mixed Platforms.Build.0 = Debug|Any CPU
		{5D0636A5-5DD0-4942-B3A5-0B83E5E6FEE7}.Debug|x86.ActiveCfg = Debug|Any CPU
		{5D0636A5-5DD0-4942-B3A5-0B83E5E6FEE7}.Release|Any CPU.ActiveCfg = Release|Any CPU
		{5D0636A5-5DD0-4942-B3A5-0B83E5E6FEE7}.Release|Any CPU.Build.0 = Release|Any CPU
		{5D0636A5-5DD0-4942-B3A5-0B83E5E6FEE7}.Release|Mixed Platforms.ActiveCfg = Release|Any CPU
		{5D0636A5-5DD0-4942-B3A5-0B83E5E6FEE7}.Release|Mixed Platforms.Build.0 = Release|Any CPU
		{5D0636A5-5DD0-4942-B3A5-0B83E5E6FEE7}.Release|x86.ActiveCfg = Release|Any CPU
	EndGlobalSection
	GlobalSection(SolutionProperties) = preSolution
		HideSolutionNode = FALSE
	EndGlobalSection
	GlobalSection(NestedProjects) = preSolution
		{A1442471-5363-481E-A094-C5DF03AA5327} = {7F8E1DA7-9805-4A9A-945E-481AC847CE0D}
		{28E8A618-597E-400A-B2DE-59A53386BB4E} = {7F8E1DA7-9805-4A9A-945E-481AC847CE0D}
		{01CB58B9-D60D-4C31-BE8C-649F6B308BAB} = {7F8E1DA7-9805-4A9A-945E-481AC847CE0D}
		{E26C2C0B-962A-405E-8E50-49727F4813D5} = {7F8E1DA7-9805-4A9A-945E-481AC847CE0D}
		{16C85DF8-5DE6-4A9F-9FC7-7CA5B0440DF3} = {7F8E1DA7-9805-4A9A-945E-481AC847CE0D}
		{EB539663-4D06-49C6-9DFF-88D98989B846} = {7F8E1DA7-9805-4A9A-945E-481AC847CE0D}
		{3949790D-8591-4101-9E4D-CE7A758E7409} = {7F8E1DA7-9805-4A9A-945E-481AC847CE0D}
		{9F38DCC9-CD80-4B71-8A9C-B3F37E471CAB} = {7F8E1DA7-9805-4A9A-945E-481AC847CE0D}
		{44E70614-A8EA-4FC9-9AD4-D58F17E9756B} = {7F8E1DA7-9805-4A9A-945E-481AC847CE0D}
		{195AC877-790A-4179-9218-F1B43B67F8FB} = {7F8E1DA7-9805-4A9A-945E-481AC847CE0D}
		{5F974683-4EAD-4F3E-84E9-49BA33693729} = {7F8E1DA7-9805-4A9A-945E-481AC847CE0D}
		{562AC94F-60EA-4911-8C62-684F02867783} = {A1442471-5363-481E-A094-C5DF03AA5327}
		{D2B4E7C7-0524-4DE5-9D62-2DE05682A74D} = {A1442471-5363-481E-A094-C5DF03AA5327}
		{1DF1A588-33B1-4168-9487-604FE5680681} = {A1442471-5363-481E-A094-C5DF03AA5327}
		{5E78CBC4-181A-4479-A30C-DD4C1CEBE238} = {A1442471-5363-481E-A094-C5DF03AA5327}
		{CFAB9833-4C11-40B9-B12F-0CBC511F90E9} = {A1442471-5363-481E-A094-C5DF03AA5327}
		{47FA1E7C-8C47-493D-A371-91A15D53BC95} = {A1442471-5363-481E-A094-C5DF03AA5327}
		{F1A1E644-682B-4CEA-A43F-130A856E864C} = {3E52B600-E38C-4417-A6D2-4F4AE12A8F8A}
		{268452F6-3F80-4E84-B0F6-56887E84F260} = {3E52B600-E38C-4417-A6D2-4F4AE12A8F8A}
		{C8C13AE1-0960-4DD7-977F-BDF9B798E230} = {3E52B600-E38C-4417-A6D2-4F4AE12A8F8A}
		{02A5F706-A9AC-46BE-A428-EA6F990D8E21} = {3E52B600-E38C-4417-A6D2-4F4AE12A8F8A}
		{6F2452F5-BF16-4577-9C5A-85C8D7B5289D} = {3E52B600-E38C-4417-A6D2-4F4AE12A8F8A}
		{C461823B-E5CA-4AB1-91A6-8DE8A4AEB157} = {3E52B600-E38C-4417-A6D2-4F4AE12A8F8A}
		{A50D0EFE-4EA7-42C9-9260-B7A54B7D9AA2} = {3E52B600-E38C-4417-A6D2-4F4AE12A8F8A}
		{F71D5912-5610-4999-AEE0-A36D2F7E49FC} = {3E52B600-E38C-4417-A6D2-4F4AE12A8F8A}
		{0F37A34C-E6B7-4047-A5CC-6FD9A128208A} = {28E8A618-597E-400A-B2DE-59A53386BB4E}
		{4D8FFCCD-738D-41AA-A527-8CFDFE0A681D} = {28E8A618-597E-400A-B2DE-59A53386BB4E}
		{D6A73280-9D66-4509-9131-3F379E8A3F5A} = {28E8A618-597E-400A-B2DE-59A53386BB4E}
		{7F4CE297-4A42-47A8-9A0A-74BA46B09891} = {F1A1E644-682B-4CEA-A43F-130A856E864C}
		{4BF95036-986A-47EE-B48E-CF8C2B0E7841} = {F1A1E644-682B-4CEA-A43F-130A856E864C}
		{7CFA036C-A7D2-4CDD-827B-8C3DC4BD7077} = {F1A1E644-682B-4CEA-A43F-130A856E864C}
		{C79B7F98-D2F7-4BFD-B4E0-CDC2012CCDD1} = {F1A1E644-682B-4CEA-A43F-130A856E864C}
		{477EFD16-3627-4473-957D-44CA9A9DFB79} = {01CB58B9-D60D-4C31-BE8C-649F6B308BAB}
		{EB31E37B-FA75-44FD-9528-171C9E7C3C37} = {01CB58B9-D60D-4C31-BE8C-649F6B308BAB}
		{DC46B5EF-ECC5-465E-B1C4-85596343A03F} = {01CB58B9-D60D-4C31-BE8C-649F6B308BAB}
		{562CE512-EA4B-489C-ACFD-D75202DA72A0} = {E26C2C0B-962A-405E-8E50-49727F4813D5}
		{945E9F3E-946F-4669-9FD8-48A7FFFE176D} = {E26C2C0B-962A-405E-8E50-49727F4813D5}
		{849A8B42-F5EC-43D1-A890-12E32180EB8E} = {268452F6-3F80-4E84-B0F6-56887E84F260}
		{C71DF608-DDC8-4E48-AE4D-927DCB0B15BD} = {268452F6-3F80-4E84-B0F6-56887E84F260}
		{A39FCA19-7716-4A16-8449-D14B7251128A} = {C8C13AE1-0960-4DD7-977F-BDF9B798E230}
		{DFB85528-1B0F-4E1F-B814-EB49BCDAB147} = {C8C13AE1-0960-4DD7-977F-BDF9B798E230}
		{1555E073-7EE7-4A62-852C-8D498184D43D} = {EB539663-4D06-49C6-9DFF-88D98989B846}
		{D60D7F9E-4C63-42AE-8BE6-0685A53138CA} = {A50D0EFE-4EA7-42C9-9260-B7A54B7D9AA2}
		{634759F0-41E5-418C-A51B-EDA342190CAD} = {A50D0EFE-4EA7-42C9-9260-B7A54B7D9AA2}
		{9B109B9C-4B72-4BDB-B531-627D7E93011E} = {44E70614-A8EA-4FC9-9AD4-D58F17E9756B}
		{903006A4-20EA-4825-BA0D-C28201B76D71} = {44E70614-A8EA-4FC9-9AD4-D58F17E9756B}
		{5D0636A5-5DD0-4942-B3A5-0B83E5E6FEE7} = {44E70614-A8EA-4FC9-9AD4-D58F17E9756B}
		{A2ABC2B4-28D1-47B1-8EF9-6E8C60215515} = {195AC877-790A-4179-9218-F1B43B67F8FB}
		{322FD822-7722-4176-A7D7-CD8D36488DB9} = {195AC877-790A-4179-9218-F1B43B67F8FB}
		{2EA36174-FB21-474F-A8EB-33C7039B65DA} = {5F974683-4EAD-4F3E-84E9-49BA33693729}
		{A3507C2E-1A82-4342-BD42-F544275D6959} = {5F974683-4EAD-4F3E-84E9-49BA33693729}
	EndGlobalSection
EndGlobal
